
Microsoft Visual Studio Solution File, Format Version 12.00
# Visual Studio Version 17
VisualStudioVersion = 17.8.34511.84
MinimumVisualStudioVersion = 10.0.40219.1
Project("{9A19103F-16F7-4668-BE54-9A1E7A4F7556}") = "MyRegex", "MyRegex.csproj", "{3567A4A2-74FF-4402-9309-9C541173C8C0}"
EndProject
Project("{FAE04EC0-301F-11D3-BF4B-00C04F79EFBC}") = "RegexLiteTest", "..\RegexLiteTest\RegexLiteTest.csproj", "{3AB473E4-8D13-4432-84D3-086C7E09DA6A}"
EndProject
Global
	GlobalSection(SolutionConfigurationPlatforms) = preSolution
		Debug|Any CPU = Debug|Any CPU
		Release|Any CPU = Release|Any CPU
	EndGlobalSection
	GlobalSection(ProjectConfigurationPlatforms) = postSolution
		{3567A4A2-74FF-4402-9309-9C541173C8C0}.Debug|Any CPU.ActiveCfg = Debug|Any CPU
		{3567A4A2-74FF-4402-9309-9C541173C8C0}.Debug|Any CPU.Build.0 = Debug|Any CPU
		{3567A4A2-74FF-4402-9309-9C541173C8C0}.Release|Any CPU.ActiveCfg = Release|Any CPU
		{3567A4A2-74FF-4402-9309-9C541173C8C0}.Release|Any CPU.Build.0 = Release|Any CPU
		{3AB473E4-8D13-4432-84D3-086C7E09DA6A}.Debug|Any CPU.ActiveCfg = Debug|Any CPU
		{3AB473E4-8D13-4432-84D3-086C7E09DA6A}.Debug|Any CPU.Build.0 = Debug|Any CPU
		{3AB473E4-8D13-4432-84D3-086C7E09DA6A}.Release|Any CPU.ActiveCfg = Release|Any CPU
		{3AB473E4-8D13-4432-84D3-086C7E09DA6A}.Release|Any CPU.Build.0 = Release|Any CPU
	EndGlobalSection
	GlobalSection(SolutionProperties) = preSolution
		HideSolutionNode = FALSE
	EndGlobalSection
	GlobalSection(ExtensibilityGlobals) = postSolution
		SolutionGuid = {36D2865F-2F86-446F-87CA-D9050F27685F}
	EndGlobalSection
EndGlobal
